// !$*UTF8*$!
{
	archiveVersion = 1;
	classes = {
	};
	objectVersion = 55;
	objects = {

/* Begin PBXBuildFile section */
		24806B2E2743E81500841A00 /* AppDelegate.swift in Sources */ = {isa = PBXBuildFile; fileRef = 24806B2D2743E81500841A00 /* AppDelegate.swift */; };
		24806B302743E81500841A00 /* SceneDelegate.swift in Sources */ = {isa = PBXBuildFile; fileRef = 24806B2F2743E81500841A00 /* SceneDelegate.swift */; };
		24806B322743E81500841A00 /* ViewController.swift in Sources */ = {isa = PBXBuildFile; fileRef = 24806B312743E81500841A00 /* ViewController.swift */; };
		24806B372743E81800841A00 /* Assets.xcassets in Resources */ = {isa = PBXBuildFile; fileRef = 24806B362743E81800841A00 /* Assets.xcassets */; };
		24806B3A2743E81800841A00 /* LaunchScreen.storyboard in Resources */ = {isa = PBXBuildFile; fileRef = 24806B382743E81800841A00 /* LaunchScreen.storyboard */; };
		24806B4527468C7500841A00 /* TabBar.storyboard in Resources */ = {isa = PBXBuildFile; fileRef = 24806B4427468C7500841A00 /* TabBar.storyboard */; };
		24806B6C2748DCA300841A00 /* ReadyForQuiz.storyboard in Resources */ = {isa = PBXBuildFile; fileRef = 24806B6B2748DCA300841A00 /* ReadyForQuiz.storyboard */; };
		24806B6E2748DCDD00841A00 /* SelectToolsType.storyboard in Resources */ = {isa = PBXBuildFile; fileRef = 24806B6D2748DCDD00841A00 /* SelectToolsType.storyboard */; };
		24806B702748DCEE00841A00 /* SelectRegion.storyboard in Resources */ = {isa = PBXBuildFile; fileRef = 24806B6F2748DCEE00841A00 /* SelectRegion.storyboard */; };
		8A9B7969275B987F004542ED /* Pokemon.swift in Sources */ = {isa = PBXBuildFile; fileRef = 8A9B7968275B987F004542ED /* Pokemon.swift */; };
		8A9B796B275B9BC3004542ED /* Region.swift in Sources */ = {isa = PBXBuildFile; fileRef = 8A9B796A275B9BC3004542ED /* Region.swift */; };
		8A9B7997275D0192004542ED /* ItemCategories.swift in Sources */ = {isa = PBXBuildFile; fileRef = 8A9B7996275D0192004542ED /* ItemCategories.swift */; };
		8A9B799A275E37EB004542ED /* Item.swift in Sources */ = {isa = PBXBuildFile; fileRef = 8A9B7999275E37EB004542ED /* Item.swift */; };
/* End PBXBuildFile section */

/* Begin PBXFileReference section */
		24806B2A2743E81500841A00 /* PokemonDaisuki.app */ = {isa = PBXFileReference; explicitFileType = wrapper.application; includeInIndex = 0; path = PokemonDaisuki.app; sourceTree = BUILT_PRODUCTS_DIR; };
		24806B2D2743E81500841A00 /* AppDelegate.swift */ = {isa = PBXFileReference; lastKnownFileType = sourcecode.swift; path = AppDelegate.swift; sourceTree = "<group>"; };
		24806B2F2743E81500841A00 /* SceneDelegate.swift */ = {isa = PBXFileReference; lastKnownFileType = sourcecode.swift; path = SceneDelegate.swift; sourceTree = "<group>"; };
		24806B312743E81500841A00 /* ViewController.swift */ = {isa = PBXFileReference; lastKnownFileType = sourcecode.swift; path = ViewController.swift; sourceTree = "<group>"; };
		24806B362743E81800841A00 /* Assets.xcassets */ = {isa = PBXFileReference; lastKnownFileType = folder.assetcatalog; path = Assets.xcassets; sourceTree = "<group>"; };
		24806B392743E81800841A00 /* Base */ = {isa = PBXFileReference; lastKnownFileType = file.storyboard; name = Base; path = Base.lproj/LaunchScreen.storyboard; sourceTree = "<group>"; };
		24806B3B2743E81800841A00 /* Info.plist */ = {isa = PBXFileReference; lastKnownFileType = text.plist.xml; path = Info.plist; sourceTree = "<group>"; };
		24806B4427468C7500841A00 /* TabBar.storyboard */ = {isa = PBXFileReference; lastKnownFileType = file.storyboard; path = TabBar.storyboard; sourceTree = "<group>"; };
		24806B6B2748DCA300841A00 /* ReadyForQuiz.storyboard */ = {isa = PBXFileReference; lastKnownFileType = file.storyboard; path = ReadyForQuiz.storyboard; sourceTree = "<group>"; };
		24806B6D2748DCDD00841A00 /* SelectToolsType.storyboard */ = {isa = PBXFileReference; lastKnownFileType = file.storyboard; path = SelectToolsType.storyboard; sourceTree = "<group>"; };
		24806B6F2748DCEE00841A00 /* SelectRegion.storyboard */ = {isa = PBXFileReference; lastKnownFileType = file.storyboard; path = SelectRegion.storyboard; sourceTree = "<group>"; };
		8A9B7968275B987F004542ED /* Pokemon.swift */ = {isa = PBXFileReference; lastKnownFileType = sourcecode.swift; path = Pokemon.swift; sourceTree = "<group>"; };
		8A9B796A275B9BC3004542ED /* Region.swift */ = {isa = PBXFileReference; lastKnownFileType = sourcecode.swift; path = Region.swift; sourceTree = "<group>"; };
		8A9B7996275D0192004542ED /* ItemCategories.swift */ = {isa = PBXFileReference; lastKnownFileType = sourcecode.swift; path = ItemCategories.swift; sourceTree = "<group>"; };
		8A9B7999275E37EB004542ED /* Item.swift */ = {isa = PBXFileReference; lastKnownFileType = sourcecode.swift; path = Item.swift; sourceTree = "<group>"; };
/* End PBXFileReference section */

/* Begin PBXFrameworksBuildPhase section */
		24806B272743E81500841A00 /* Frameworks */ = {
			isa = PBXFrameworksBuildPhase;
			buildActionMask = 2147483647;
			files = (
			);
			runOnlyForDeploymentPostprocessing = 0;
		};
/* End PBXFrameworksBuildPhase section */

/* Begin PBXGroup section */
		24806B212743E81500841A00 = {
			isa = PBXGroup;
			children = (
				24806B2C2743E81500841A00 /* PokemonDaisuki */,
				24806B2B2743E81500841A00 /* Products */,
			);
			sourceTree = "<group>";
		};
		24806B2B2743E81500841A00 /* Products */ = {
			isa = PBXGroup;
			children = (
				24806B2A2743E81500841A00 /* PokemonDaisuki.app */,
			);
			name = Products;
			sourceTree = "<group>";
		};
		24806B2C2743E81500841A00 /* PokemonDaisuki */ = {
			isa = PBXGroup;
			children = (
				24806B4427468C7500841A00 /* TabBar.storyboard */,
				8A7AAD2B2764382800E7E58D /* Models */,
				24806B43274687A500841A00 /* Quiz */,
				24806B422746879800841A00 /* ToolDex */,
				24806B412746878B00841A00 /* PokemonDex */,
				24806B2D2743E81500841A00 /* AppDelegate.swift */,
				24806B2F2743E81500841A00 /* SceneDelegate.swift */,
				24806B312743E81500841A00 /* ViewController.swift */,
				24806B362743E81800841A00 /* Assets.xcassets */,
				24806B382743E81800841A00 /* LaunchScreen.storyboard */,
				24806B3B2743E81800841A00 /* Info.plist */,
			);
			path = PokemonDaisuki;
			sourceTree = "<group>";
		};
		24806B412746878B00841A00 /* PokemonDex */ = {
			isa = PBXGroup;
			children = (
				24806B6F2748DCEE00841A00 /* SelectRegion.storyboard */,
			);
			path = PokemonDex;
			sourceTree = "<group>";
		};
		24806B422746879800841A00 /* ToolDex */ = {
			isa = PBXGroup;
			children = (
				24806B6D2748DCDD00841A00 /* SelectToolsType.storyboard */,
			);
			path = ToolDex;
			sourceTree = "<group>";
		};
		24806B43274687A500841A00 /* Quiz */ = {
			isa = PBXGroup;
			children = (
				24806B6B2748DCA300841A00 /* ReadyForQuiz.storyboard */,
			);
			path = Quiz;
			sourceTree = "<group>";
		};
		8A7AAD2B2764382800E7E58D /* Models */ = {
			isa = PBXGroup;
			children = (
				8A7AAD2C2764384100E7E58D /* Structs */,
			);
			path = Models;
			sourceTree = "<group>";
		};
		8A7AAD2C2764384100E7E58D /* Structs */ = {
			isa = PBXGroup;
			children = (
				8A9B796A275B9BC3004542ED /* Region.swift */,
				8A9B7968275B987F004542ED /* Pokemon.swift */,
				8A9B7996275D0192004542ED /* ItemCategories.swift */,
				8A9B7999275E37EB004542ED /* Item.swift */,
			);
			path = Structs;
			sourceTree = "<group>";
		};
/* End PBXGroup section */

/* Begin PBXNativeTarget section */
		24806B292743E81500841A00 /* PokemonDaisuki */ = {
			isa = PBXNativeTarget;
			buildConfigurationList = 24806B3E2743E81800841A00 /* Build configuration list for PBXNativeTarget "PokemonDaisuki" */;
			buildPhases = (
				24806B262743E81500841A00 /* Sources */,
				24806B272743E81500841A00 /* Frameworks */,
				24806B282743E81500841A00 /* Resources */,
			);
			buildRules = (
			);
			dependencies = (
			);
			name = PokemonDaisuki;
			productName = PokemonDaisuki;
			productReference = 24806B2A2743E81500841A00 /* PokemonDaisuki.app */;
			productType = "com.apple.product-type.application";
		};
/* End PBXNativeTarget section */

/* Begin PBXProject section */
		24806B222743E81500841A00 /* Project object */ = {
			isa = PBXProject;
			attributes = {
				BuildIndependentTargetsInParallel = 1;
				LastSwiftUpdateCheck = 1310;
				LastUpgradeCheck = 1310;
				TargetAttributes = {
					24806B292743E81500841A00 = {
						CreatedOnToolsVersion = 13.1;
					};
				};
			};
			buildConfigurationList = 24806B252743E81500841A00 /* Build configuration list for PBXProject "PokemonDaisuki" */;
			compatibilityVersion = "Xcode 13.0";
			developmentRegion = en;
			hasScannedForEncodings = 0;
			knownRegions = (
				en,
				Base,
			);
			mainGroup = 24806B212743E81500841A00;
			productRefGroup = 24806B2B2743E81500841A00 /* Products */;
			projectDirPath = "";
			projectRoot = "";
			targets = (
				24806B292743E81500841A00 /* PokemonDaisuki */,
			);
		};
/* End PBXProject section */

/* Begin PBXResourcesBuildPhase section */
		24806B282743E81500841A00 /* Resources */ = {
			isa = PBXResourcesBuildPhase;
			buildActionMask = 2147483647;
			files = (
				24806B6E2748DCDD00841A00 /* SelectToolsType.storyboard in Resources */,
				24806B4527468C7500841A00 /* TabBar.storyboard in Resources */,
				24806B3A2743E81800841A00 /* LaunchScreen.storyboard in Resources */,
				24806B372743E81800841A00 /* Assets.xcassets in Resources */,
				24806B6C2748DCA300841A00 /* ReadyForQuiz.storyboard in Resources */,
				24806B702748DCEE00841A00 /* SelectRegion.storyboard in Resources */,
			);
			runOnlyForDeploymentPostprocessing = 0;
		};
/* End PBXResourcesBuildPhase section */

/* Begin PBXSourcesBuildPhase section */
		24806B262743E81500841A00 /* Sources */ = {
			isa = PBXSourcesBuildPhase;
			buildActionMask = 2147483647;
			files = (
				24806B322743E81500841A00 /* ViewController.swift in Sources */,
				8A9B7969275B987F004542ED /* Pokemon.swift in Sources */,
				24806B2E2743E81500841A00 /* AppDelegate.swift in Sources */,
				8A9B796B275B9BC3004542ED /* Region.swift in Sources */,
				8A9B799A275E37EB004542ED /* Item.swift in Sources */,
				8A9B7997275D0192004542ED /* ItemCategories.swift in Sources */,
				24806B302743E81500841A00 /* SceneDelegate.swift in Sources */,
			);
			runOnlyForDeploymentPostprocessing = 0;
		};
/* End PBXSourcesBuildPhase section */

/* Begin PBXVariantGroup section */
		24806B382743E81800841A00 /* LaunchScreen.storyboard */ = {
			isa = PBXVariantGroup;
			children = (
				24806B392743E81800841A00 /* Base */,
			);
			name = LaunchScreen.storyboard;
			sourceTree = "<group>";
		};
/* End PBXVariantGroup section */

/* Begin XCBuildConfiguration section */
		24806B3C2743E81800841A00 /* Debug */ = {
			isa = XCBuildConfiguration;
			buildSettings = {
				ALWAYS_SEARCH_USER_PATHS = NO;
				CLANG_ANALYZER_NONNULL = YES;
				CLANG_ANALYZER_NUMBER_OBJECT_CONVERSION = YES_AGGRESSIVE;
				CLANG_CXX_LANGUAGE_STANDARD = "gnu++17";
				CLANG_CXX_LIBRARY = "libc++";
				CLANG_ENABLE_MODULES = YES;
				CLANG_ENABLE_OBJC_ARC = YES;
				CLANG_ENABLE_OBJC_WEAK = YES;
				CLANG_WARN_BLOCK_CAPTURE_AUTORELEASING = YES;
				CLANG_WARN_BOOL_CONVERSION = YES;
				CLANG_WARN_COMMA = YES;
				CLANG_WARN_CONSTANT_CONVERSION = YES;
				CLANG_WARN_DEPRECATED_OBJC_IMPLEMENTATIONS = YES;
				CLANG_WARN_DIRECT_OBJC_ISA_USAGE = YES_ERROR;
				CLANG_WARN_DOCUMENTATION_COMMENTS = YES;
				CLANG_WARN_EMPTY_BODY = YES;
				CLANG_WARN_ENUM_CONVERSION = YES;
				CLANG_WARN_INFINITE_RECURSION = YES;
				CLANG_WARN_INT_CONVERSION = YES;
				CLANG_WARN_NON_LITERAL_NULL_CONVERSION = YES;
				CLANG_WARN_OBJC_IMPLICIT_RETAIN_SELF = YES;
				CLANG_WARN_OBJC_LITERAL_CONVERSION = YES;
				CLANG_WARN_OBJC_ROOT_CLASS = YES_ERROR;
				CLANG_WARN_QUOTED_INCLUDE_IN_FRAMEWORK_HEADER = YES;
				CLANG_WARN_RANGE_LOOP_ANALYSIS = YES;
				CLANG_WARN_STRICT_PROTOTYPES = YES;
				CLANG_WARN_SUSPICIOUS_MOVE = YES;
				CLANG_WARN_UNGUARDED_AVAILABILITY = YES_AGGRESSIVE;
				CLANG_WARN_UNREACHABLE_CODE = YES;
				CLANG_WARN__DUPLICATE_METHOD_MATCH = YES;
				COPY_PHASE_STRIP = NO;
				DEBUG_INFORMATION_FORMAT = dwarf;
				ENABLE_STRICT_OBJC_MSGSEND = YES;
				ENABLE_TESTABILITY = YES;
				GCC_C_LANGUAGE_STANDARD = gnu11;
				GCC_DYNAMIC_NO_PIC = NO;
				GCC_NO_COMMON_BLOCKS = YES;
				GCC_OPTIMIZATION_LEVEL = 0;
				GCC_PREPROCESSOR_DEFINITIONS = (
					"DEBUG=1",
					"$(inherited)",
				);
				GCC_WARN_64_TO_32_BIT_CONVERSION = YES;
				GCC_WARN_ABOUT_RETURN_TYPE = YES_ERROR;
				GCC_WARN_UNDECLARED_SELECTOR = YES;
				GCC_WARN_UNINITIALIZED_AUTOS = YES_AGGRESSIVE;
				GCC_WARN_UNUSED_FUNCTION = YES;
				GCC_WARN_UNUSED_VARIABLE = YES;
				IPHONEOS_DEPLOYMENT_TARGET = 15.0;
				MTL_ENABLE_DEBUG_INFO = INCLUDE_SOURCE;
				MTL_FAST_MATH = YES;
				ONLY_ACTIVE_ARCH = YES;
				SDKROOT = iphoneos;
				SWIFT_ACTIVE_COMPILATION_CONDITIONS = DEBUG;
				SWIFT_OPTIMIZATION_LEVEL = "-Onone";
			};
			name = Debug;
		};
		24806B3D2743E81800841A00 /* Release */ = {
			isa = XCBuildConfiguration;
			buildSettings = {
				ALWAYS_SEARCH_USER_PATHS = NO;
				CLANG_ANALYZER_NONNULL = YES;
				CLANG_ANALYZER_NUMBER_OBJECT_CONVERSION = YES_AGGRESSIVE;
				CLANG_CXX_LANGUAGE_STANDARD = "gnu++17";
				CLANG_CXX_LIBRARY = "libc++";
				CLANG_ENABLE_MODULES = YES;
				CLANG_ENABLE_OBJC_ARC = YES;
				CLANG_ENABLE_OBJC_WEAK = YES;
				CLANG_WARN_BLOCK_CAPTURE_AUTORELEASING = YES;
				CLANG_WARN_BOOL_CONVERSION = YES;
				CLANG_WARN_COMMA = YES;
				CLANG_WARN_CONSTANT_CONVERSION = YES;
				CLANG_WARN_DEPRECATED_OBJC_IMPLEMENTATIONS = YES;
				CLANG_WARN_DIRECT_OBJC_ISA_USAGE = YES_ERROR;
				CLANG_WARN_DOCUMENTATION_COMMENTS = YES;
				CLANG_WARN_EMPTY_BODY = YES;
				CLANG_WARN_ENUM_CONVERSION = YES;
				CLANG_WARN_INFINITE_RECURSION = YES;
				CLANG_WARN_INT_CONVERSION = YES;
				CLANG_WARN_NON_LITERAL_NULL_CONVERSION = YES;
				CLANG_WARN_OBJC_IMPLICIT_RETAIN_SELF = YES;
				CLANG_WARN_OBJC_LITERAL_CONVERSION = YES;
				CLANG_WARN_OBJC_ROOT_CLASS = YES_ERROR;
				CLANG_WARN_QUOTED_INCLUDE_IN_FRAMEWORK_HEADER = YES;
				CLANG_WARN_RANGE_LOOP_ANALYSIS = YES;
				CLANG_WARN_STRICT_PROTOTYPES = YES;
				CLANG_WARN_SUSPICIOUS_MOVE = YES;
				CLANG_WARN_UNGUARDED_AVAILABILITY = YES_AGGRESSIVE;
				CLANG_WARN_UNREACHABLE_CODE = YES;
				CLANG_WARN__DUPLICATE_METHOD_MATCH = YES;
				COPY_PHASE_STRIP = NO;
				DEBUG_INFORMATION_FORMAT = "dwarf-with-dsym";
				ENABLE_NS_ASSERTIONS = NO;
				ENABLE_STRICT_OBJC_MSGSEND = YES;
				GCC_C_LANGUAGE_STANDARD = gnu11;
				GCC_NO_COMMON_BLOCKS = YES;
				GCC_WARN_64_TO_32_BIT_CONVERSION = YES;
				GCC_WARN_ABOUT_RETURN_TYPE = YES_ERROR;
				GCC_WARN_UNDECLARED_SELECTOR = YES;
				GCC_WARN_UNINITIALIZED_AUTOS = YES_AGGRESSIVE;
				GCC_WARN_UNUSED_FUNCTION = YES;
				GCC_WARN_UNUSED_VARIABLE = YES;
				IPHONEOS_DEPLOYMENT_TARGET = 15.0;
				MTL_ENABLE_DEBUG_INFO = NO;
				MTL_FAST_MATH = YES;
				SDKROOT = iphoneos;
				SWIFT_COMPILATION_MODE = wholemodule;
				SWIFT_OPTIMIZATION_LEVEL = "-O";
				VALIDATE_PRODUCT = YES;
			};
			name = Release;
		};
		24806B3F2743E81800841A00 /* Debug */ = {
			isa = XCBuildConfiguration;
			buildSettings = {
				ASSETCATALOG_COMPILER_APPICON_NAME = AppIcon;
				ASSETCATALOG_COMPILER_GLOBAL_ACCENT_COLOR_NAME = AccentColor;
				CODE_SIGN_STYLE = Automatic;
				CURRENT_PROJECT_VERSION = 1;
				DEVELOPMENT_TEAM = P6K8M6RQ2W;
				GENERATE_INFOPLIST_FILE = YES;
				INFOPLIST_FILE = PokemonDaisuki/Info.plist;
				INFOPLIST_KEY_UIApplicationSupportsIndirectInputEvents = YES;
				INFOPLIST_KEY_UILaunchStoryboardName = LaunchScreen;
				INFOPLIST_KEY_UIMainStoryboardFile = TabBar;
				INFOPLIST_KEY_UISupportedInterfaceOrientations_iPad = "UIInterfaceOrientationPortrait UIInterfaceOrientationPortraitUpsideDown UIInterfaceOrientationLandscapeLeft UIInterfaceOrientationLandscapeRight";
				INFOPLIST_KEY_UISupportedInterfaceOrientations_iPhone = "UIInterfaceOrientationPortrait UIInterfaceOrientationLandscapeLeft UIInterfaceOrientationLandscapeRight";
				LD_RUNPATH_SEARCH_PATHS = (
					"$(inherited)",
					"@executable_path/Frameworks",
				);
				MARKETING_VERSION = 1.0;
				PRODUCT_BUNDLE_IDENTIFIER = com.r.t.astronomy.PokemonDaisuki;
				PRODUCT_NAME = "$(TARGET_NAME)";
				SWIFT_EMIT_LOC_STRINGS = YES;
				SWIFT_VERSION = 5.0;
				TARGETED_DEVICE_FAMILY = 1;
			};
			name = Debug;
		};
		24806B402743E81800841A00 /* Release */ = {
			isa = XCBuildConfiguration;
			buildSettings = {
				ASSETCATALOG_COMPILER_APPICON_NAME = AppIcon;
				ASSETCATALOG_COMPILER_GLOBAL_ACCENT_COLOR_NAME = AccentColor;
				CODE_SIGN_STYLE = Automatic;
				CURRENT_PROJECT_VERSION = 1;
				DEVELOPMENT_TEAM = P6K8M6RQ2W;
				GENERATE_INFOPLIST_FILE = YES;
				INFOPLIST_FILE = PokemonDaisuki/Info.plist;
				INFOPLIST_KEY_UIApplicationSupportsIndirectInputEvents = YES;
				INFOPLIST_KEY_UILaunchStoryboardName = LaunchScreen;
				INFOPLIST_KEY_UIMainStoryboardFile = TabBar;
				INFOPLIST_KEY_UISupportedInterfaceOrientations_iPad = "UIInterfaceOrientationPortrait UIInterfaceOrientationPortraitUpsideDown UIInterfaceOrientationLandscapeLeft UIInterfaceOrientationLandscapeRight";
				INFOPLIST_KEY_UISupportedInterfaceOrientations_iPhone = "UIInterfaceOrientationPortrait UIInterfaceOrientationLandscapeLeft UIInterfaceOrientationLandscapeRight";
				LD_RUNPATH_SEARCH_PATHS = (
					"$(inherited)",
					"@executable_path/Frameworks",
				);
				MARKETING_VERSION = 1.0;
				PRODUCT_BUNDLE_IDENTIFIER = com.r.t.astronomy.PokemonDaisuki;
				PRODUCT_NAME = "$(TARGET_NAME)";
				SWIFT_EMIT_LOC_STRINGS = YES;
				SWIFT_VERSION = 5.0;
				TARGETED_DEVICE_FAMILY = 1;
			};
			name = Release;
		};
/* End XCBuildConfiguration section */

/* Begin XCConfigurationList section */
		24806B252743E81500841A00 /* Build configuration list for PBXProject "PokemonDaisuki" */ = {
			isa = XCConfigurationList;
			buildConfigurations = (
				24806B3C2743E81800841A00 /* Debug */,
				24806B3D2743E81800841A00 /* Release */,
			);
			defaultConfigurationIsVisible = 0;
			defaultConfigurationName = Release;
		};
		24806B3E2743E81800841A00 /* Build configuration list for PBXNativeTarget "PokemonDaisuki" */ = {
			isa = XCConfigurationList;
			buildConfigurations = (
				24806B3F2743E81800841A00 /* Debug */,
				24806B402743E81800841A00 /* Release */,
			);
			defaultConfigurationIsVisible = 0;
			defaultConfigurationName = Release;
		};
/* End XCConfigurationList section */
	};
	rootObject = 24806B222743E81500841A00 /* Project object */;
}
