// !$*UTF8*$!
{
	archiveVersion = 1;
	classes = {
	};
	objectVersion = 55;
	objects = {

/* Begin PBXBuildFile section */
		247A85A4279407F6003B1F57 /* APIError.swift in Sources */ = {isa = PBXBuildFile; fileRef = 247A85A3279407F6003B1F57 /* APIError.swift */; };
		24806B2E2743E81500841A00 /* AppDelegate.swift in Sources */ = {isa = PBXBuildFile; fileRef = 24806B2D2743E81500841A00 /* AppDelegate.swift */; };
		24806B302743E81500841A00 /* SceneDelegate.swift in Sources */ = {isa = PBXBuildFile; fileRef = 24806B2F2743E81500841A00 /* SceneDelegate.swift */; };
		24806B322743E81500841A00 /* ViewController.swift in Sources */ = {isa = PBXBuildFile; fileRef = 24806B312743E81500841A00 /* ViewController.swift */; };
		24806B372743E81800841A00 /* Assets.xcassets in Resources */ = {isa = PBXBuildFile; fileRef = 24806B362743E81800841A00 /* Assets.xcassets */; };
		24806B3A2743E81800841A00 /* LaunchScreen.storyboard in Resources */ = {isa = PBXBuildFile; fileRef = 24806B382743E81800841A00 /* LaunchScreen.storyboard */; };
		24806B4527468C7500841A00 /* TabBar.storyboard in Resources */ = {isa = PBXBuildFile; fileRef = 24806B4427468C7500841A00 /* TabBar.storyboard */; };
		24806B6C2748DCA300841A00 /* ReadyForQuiz.storyboard in Resources */ = {isa = PBXBuildFile; fileRef = 24806B6B2748DCA300841A00 /* ReadyForQuiz.storyboard */; };
		24806B6E2748DCDD00841A00 /* SelectToolsType.storyboard in Resources */ = {isa = PBXBuildFile; fileRef = 24806B6D2748DCDD00841A00 /* SelectToolsType.storyboard */; };
		24806B702748DCEE00841A00 /* SelectRegion.storyboard in Resources */ = {isa = PBXBuildFile; fileRef = 24806B6F2748DCEE00841A00 /* SelectRegion.storyboard */; };
		24BCB0FC276779F800E15C5B /* ballCollectionCollectionViewCell.swift in Sources */ = {isa = PBXBuildFile; fileRef = 24BCB0FB276779F800E15C5B /* ballCollectionCollectionViewCell.swift */; };
		24BCB0FF27677A7B00E15C5B /* ToolsTypeCollectionViewCell.xib in Resources */ = {isa = PBXBuildFile; fileRef = 24BCB0FE27677A7B00E15C5B /* ToolsTypeCollectionViewCell.xib */; };
		24BCB10127677C0200E15C5B /* SelectToolsTypeViewController.swift in Sources */ = {isa = PBXBuildFile; fileRef = 24BCB10027677C0200E15C5B /* SelectToolsTypeViewController.swift */; };
		24ED8D8627DC75E4006A7059 /* BallDetailViewController.swift in Sources */ = {isa = PBXBuildFile; fileRef = 24ED8D8527DC75E4006A7059 /* BallDetailViewController.swift */; };
		24ED8D8827DC75F7006A7059 /* BallDetailViewController.xib in Resources */ = {isa = PBXBuildFile; fileRef = 24ED8D8727DC75F7006A7059 /* BallDetailViewController.xib */; };
		8A146D43277D77F400220F40 /* RegionViewCell.swift in Sources */ = {isa = PBXBuildFile; fileRef = 8A146D41277D77F400220F40 /* RegionViewCell.swift */; };
		8A146D44277D77F400220F40 /* RegionViewCell.xib in Resources */ = {isa = PBXBuildFile; fileRef = 8A146D42277D77F400220F40 /* RegionViewCell.xib */; };
		8A146D47277D86F500220F40 /* RegionViewController.swift in Sources */ = {isa = PBXBuildFile; fileRef = 8A146D46277D86F500220F40 /* RegionViewController.swift */; };
		8A7AAE44276B3FC600E7E58D /* FetchAPIs.swift in Sources */ = {isa = PBXBuildFile; fileRef = 8A7AAE43276B3FC600E7E58D /* FetchAPIs.swift */; };
		8A9B7969275B987F004542ED /* Pokemon.swift in Sources */ = {isa = PBXBuildFile; fileRef = 8A9B7968275B987F004542ED /* Pokemon.swift */; };
		8A9B796B275B9BC3004542ED /* Region.swift in Sources */ = {isa = PBXBuildFile; fileRef = 8A9B796A275B9BC3004542ED /* Region.swift */; };
		8A9B7997275D0192004542ED /* Ball.swift in Sources */ = {isa = PBXBuildFile; fileRef = 8A9B7996275D0192004542ED /* Ball.swift */; };
		8A9B799A275E37EB004542ED /* PokeItem.swift in Sources */ = {isa = PBXBuildFile; fileRef = 8A9B7999275E37EB004542ED /* PokeItem.swift */; };
		CE11DD758520FCFAEE131704 /* Pods_PokemonDaisuki.framework in Frameworks */ = {isa = PBXBuildFile; fileRef = B0FDB55C40319A47938F7E5A /* Pods_PokemonDaisuki.framework */; };
/* End PBXBuildFile section */

/* Begin PBXFileReference section */
		247A85A3279407F6003B1F57 /* APIError.swift */ = {isa = PBXFileReference; lastKnownFileType = sourcecode.swift; path = APIError.swift; sourceTree = "<group>"; };
		24806B2A2743E81500841A00 /* PokemonDaisuki.app */ = {isa = PBXFileReference; explicitFileType = wrapper.application; includeInIndex = 0; path = PokemonDaisuki.app; sourceTree = BUILT_PRODUCTS_DIR; };
		24806B2D2743E81500841A00 /* AppDelegate.swift */ = {isa = PBXFileReference; lastKnownFileType = sourcecode.swift; path = AppDelegate.swift; sourceTree = "<group>"; };
		24806B2F2743E81500841A00 /* SceneDelegate.swift */ = {isa = PBXFileReference; lastKnownFileType = sourcecode.swift; path = SceneDelegate.swift; sourceTree = "<group>"; };
		24806B312743E81500841A00 /* ViewController.swift */ = {isa = PBXFileReference; lastKnownFileType = sourcecode.swift; path = ViewController.swift; sourceTree = "<group>"; };
		24806B362743E81800841A00 /* Assets.xcassets */ = {isa = PBXFileReference; lastKnownFileType = folder.assetcatalog; path = Assets.xcassets; sourceTree = "<group>"; };
		24806B392743E81800841A00 /* Base */ = {isa = PBXFileReference; lastKnownFileType = file.storyboard; name = Base; path = Base.lproj/LaunchScreen.storyboard; sourceTree = "<group>"; };
		24806B3B2743E81800841A00 /* Info.plist */ = {isa = PBXFileReference; lastKnownFileType = text.plist.xml; path = Info.plist; sourceTree = "<group>"; };
		24806B4427468C7500841A00 /* TabBar.storyboard */ = {isa = PBXFileReference; lastKnownFileType = file.storyboard; path = TabBar.storyboard; sourceTree = "<group>"; };
		24806B6B2748DCA300841A00 /* ReadyForQuiz.storyboard */ = {isa = PBXFileReference; lastKnownFileType = file.storyboard; path = ReadyForQuiz.storyboard; sourceTree = "<group>"; };
		24806B6D2748DCDD00841A00 /* SelectToolsType.storyboard */ = {isa = PBXFileReference; lastKnownFileType = file.storyboard; path = SelectToolsType.storyboard; sourceTree = "<group>"; };
		24806B6F2748DCEE00841A00 /* SelectRegion.storyboard */ = {isa = PBXFileReference; lastKnownFileType = file.storyboard; path = SelectRegion.storyboard; sourceTree = "<group>"; };
		24BCB0FB276779F800E15C5B /* ballCollectionCollectionViewCell.swift */ = {isa = PBXFileReference; lastKnownFileType = sourcecode.swift; path = ballCollectionCollectionViewCell.swift; sourceTree = "<group>"; };
		24BCB0FE27677A7B00E15C5B /* ToolsTypeCollectionViewCell.xib */ = {isa = PBXFileReference; lastKnownFileType = file.xib; path = ToolsTypeCollectionViewCell.xib; sourceTree = "<group>"; };
		24BCB10027677C0200E15C5B /* SelectToolsTypeViewController.swift */ = {isa = PBXFileReference; lastKnownFileType = sourcecode.swift; path = SelectToolsTypeViewController.swift; sourceTree = "<group>"; };
		24ED8D8527DC75E4006A7059 /* BallDetailViewController.swift */ = {isa = PBXFileReference; lastKnownFileType = sourcecode.swift; path = BallDetailViewController.swift; sourceTree = "<group>"; };
		24ED8D8727DC75F7006A7059 /* BallDetailViewController.xib */ = {isa = PBXFileReference; lastKnownFileType = file.xib; path = BallDetailViewController.xib; sourceTree = "<group>"; };
		2DEE2F0B7C8E7F8267188B02 /* Pods-PokemonDaisuki.release.xcconfig */ = {isa = PBXFileReference; includeInIndex = 1; lastKnownFileType = text.xcconfig; name = "Pods-PokemonDaisuki.release.xcconfig"; path = "Target Support Files/Pods-PokemonDaisuki/Pods-PokemonDaisuki.release.xcconfig"; sourceTree = "<group>"; };
		8A146D41277D77F400220F40 /* RegionViewCell.swift */ = {isa = PBXFileReference; lastKnownFileType = sourcecode.swift; path = RegionViewCell.swift; sourceTree = "<group>"; };
		8A146D42277D77F400220F40 /* RegionViewCell.xib */ = {isa = PBXFileReference; lastKnownFileType = file.xib; path = RegionViewCell.xib; sourceTree = "<group>"; };
		8A146D46277D86F500220F40 /* RegionViewController.swift */ = {isa = PBXFileReference; lastKnownFileType = sourcecode.swift; path = RegionViewController.swift; sourceTree = "<group>"; };
		8A7AAE43276B3FC600E7E58D /* FetchAPIs.swift */ = {isa = PBXFileReference; lastKnownFileType = sourcecode.swift; path = FetchAPIs.swift; sourceTree = "<group>"; };
		8A9B7968275B987F004542ED /* Pokemon.swift */ = {isa = PBXFileReference; lastKnownFileType = sourcecode.swift; path = Pokemon.swift; sourceTree = "<group>"; };
		8A9B796A275B9BC3004542ED /* Region.swift */ = {isa = PBXFileReference; lastKnownFileType = sourcecode.swift; path = Region.swift; sourceTree = "<group>"; };
		8A9B7996275D0192004542ED /* Ball.swift */ = {isa = PBXFileReference; lastKnownFileType = sourcecode.swift; path = Ball.swift; sourceTree = "<group>"; };
		8A9B7999275E37EB004542ED /* PokeItem.swift */ = {isa = PBXFileReference; lastKnownFileType = sourcecode.swift; path = PokeItem.swift; sourceTree = "<group>"; };
		985E1F85A5DE58A636ABC47A /* Pods-PokemonDaisuki.debug.xcconfig */ = {isa = PBXFileReference; includeInIndex = 1; lastKnownFileType = text.xcconfig; name = "Pods-PokemonDaisuki.debug.xcconfig"; path = "Target Support Files/Pods-PokemonDaisuki/Pods-PokemonDaisuki.debug.xcconfig"; sourceTree = "<group>"; };
		B0FDB55C40319A47938F7E5A /* Pods_PokemonDaisuki.framework */ = {isa = PBXFileReference; explicitFileType = wrapper.framework; includeInIndex = 0; path = Pods_PokemonDaisuki.framework; sourceTree = BUILT_PRODUCTS_DIR; };
/* End PBXFileReference section */

/* Begin PBXFrameworksBuildPhase section */
		24806B272743E81500841A00 /* Frameworks */ = {
			isa = PBXFrameworksBuildPhase;
			buildActionMask = 2147483647;
			files = (
				CE11DD758520FCFAEE131704 /* Pods_PokemonDaisuki.framework in Frameworks */,
			);
			runOnlyForDeploymentPostprocessing = 0;
		};
/* End PBXFrameworksBuildPhase section */

/* Begin PBXGroup section */
		247A85A2279407D2003B1F57 /* Error */ = {
			isa = PBXGroup;
			children = (
				247A85A3279407F6003B1F57 /* APIError.swift */,
			);
			path = Error;
			sourceTree = "<group>";
		};
		24806B212743E81500841A00 = {
			isa = PBXGroup;
			children = (
				24806B2C2743E81500841A00 /* PokemonDaisuki */,
				24806B2B2743E81500841A00 /* Products */,
				D665E77D00035E2AEFB10CA1 /* Pods */,
				256510A3D2D8E73B1A4FF5DE /* Frameworks */,
			);
			sourceTree = "<group>";
		};
		24806B2B2743E81500841A00 /* Products */ = {
			isa = PBXGroup;
			children = (
				24806B2A2743E81500841A00 /* PokemonDaisuki.app */,
			);
			name = Products;
			sourceTree = "<group>";
		};
		24806B2C2743E81500841A00 /* PokemonDaisuki */ = {
			isa = PBXGroup;
			children = (
				24806B4427468C7500841A00 /* TabBar.storyboard */,
				247A85A2279407D2003B1F57 /* Error */,
				8A7AAD2B2764382800E7E58D /* Models */,
				24806B43274687A500841A00 /* Quiz */,
				24806B422746879800841A00 /* ToolDex */,
				24806B412746878B00841A00 /* PokemonDex */,
				24806B2D2743E81500841A00 /* AppDelegate.swift */,
				24806B2F2743E81500841A00 /* SceneDelegate.swift */,
				24806B312743E81500841A00 /* ViewController.swift */,
				24806B362743E81800841A00 /* Assets.xcassets */,
				24806B382743E81800841A00 /* LaunchScreen.storyboard */,
				24806B3B2743E81800841A00 /* Info.plist */,
			);
			path = PokemonDaisuki;
			sourceTree = "<group>";
		};
		24806B412746878B00841A00 /* PokemonDex */ = {
			isa = PBXGroup;
			children = (
				8A146D45277D868B00220F40 /* Controllers */,
				8A146D3F277D76C300220F40 /* Views */,
			);
			path = PokemonDex;
			sourceTree = "<group>";
		};
		24806B422746879800841A00 /* ToolDex */ = {
			isa = PBXGroup;
			children = (
				24ED8D8227DC742B006A7059 /* BallDetails */,
				24ED8D8127DC7420006A7059 /* BallList */,
			);
			path = ToolDex;
			sourceTree = "<group>";
		};
		24806B43274687A500841A00 /* Quiz */ = {
			isa = PBXGroup;
			children = (
				24806B6B2748DCA300841A00 /* ReadyForQuiz.storyboard */,
			);
			path = Quiz;
			sourceTree = "<group>";
		};
		24BCB0FD27677A5C00E15C5B /* Cells */ = {
			isa = PBXGroup;
			children = (
				24BCB0FB276779F800E15C5B /* ballCollectionCollectionViewCell.swift */,
				24BCB0FE27677A7B00E15C5B /* ToolsTypeCollectionViewCell.xib */,
			);
			path = Cells;
			sourceTree = "<group>";
		};
		24BCB10227677C0A00E15C5B /* Views */ = {
			isa = PBXGroup;
			children = (
				24BCB0FD27677A5C00E15C5B /* Cells */,
			);
			path = Views;
			sourceTree = "<group>";
		};
		24BCB10327677C1D00E15C5B /* Controller */ = {
			isa = PBXGroup;
			children = (
				24BCB10027677C0200E15C5B /* SelectToolsTypeViewController.swift */,
				24806B6D2748DCDD00841A00 /* SelectToolsType.storyboard */,
			);
			path = Controller;
			sourceTree = "<group>";
		};
		24ED8D8127DC7420006A7059 /* BallList */ = {
			isa = PBXGroup;
			children = (
				24BCB10327677C1D00E15C5B /* Controller */,
				24BCB10227677C0A00E15C5B /* Views */,
			);
			path = BallList;
			sourceTree = "<group>";
		};
		24ED8D8227DC742B006A7059 /* BallDetails */ = {
			isa = PBXGroup;
			children = (
				24ED8D8327DC7436006A7059 /* Controller */,
			);
			path = BallDetails;
			sourceTree = "<group>";
		};
		24ED8D8327DC7436006A7059 /* Controller */ = {
			isa = PBXGroup;
			children = (
				24ED8D8527DC75E4006A7059 /* BallDetailViewController.swift */,
				24ED8D8727DC75F7006A7059 /* BallDetailViewController.xib */,
			);
			path = Controller;
			sourceTree = "<group>";
		};
		256510A3D2D8E73B1A4FF5DE /* Frameworks */ = {
			isa = PBXGroup;
			children = (
				B0FDB55C40319A47938F7E5A /* Pods_PokemonDaisuki.framework */,
			);
			name = Frameworks;
			sourceTree = "<group>";
		};
		8A146D3F277D76C300220F40 /* Views */ = {
			isa = PBXGroup;
			children = (
				24806B6F2748DCEE00841A00 /* SelectRegion.storyboard */,
				8A146D40277D77CF00220F40 /* Cells */,
			);
			path = Views;
			sourceTree = "<group>";
		};
		8A146D40277D77CF00220F40 /* Cells */ = {
			isa = PBXGroup;
			children = (
				8A146D41277D77F400220F40 /* RegionViewCell.swift */,
				8A146D42277D77F400220F40 /* RegionViewCell.xib */,
			);
			path = Cells;
			sourceTree = "<group>";
		};
		8A146D45277D868B00220F40 /* Controllers */ = {
			isa = PBXGroup;
			children = (
				8A146D46277D86F500220F40 /* RegionViewController.swift */,
			);
			path = Controllers;
			sourceTree = "<group>";
		};
		8A7AAD2B2764382800E7E58D /* Models */ = {
			isa = PBXGroup;
			children = (
				8A7AAE43276B3FC600E7E58D /* FetchAPIs.swift */,
				8A7AAD2C2764384100E7E58D /* Structs */,
			);
			path = Models;
			sourceTree = "<group>";
		};
		8A7AAD2C2764384100E7E58D /* Structs */ = {
			isa = PBXGroup;
			children = (
				8A9B796A275B9BC3004542ED /* Region.swift */,
				8A9B7968275B987F004542ED /* Pokemon.swift */,
				8A9B7996275D0192004542ED /* Ball.swift */,
				8A9B7999275E37EB004542ED /* PokeItem.swift */,
			);
			path = Structs;
			sourceTree = "<group>";
		};
		D665E77D00035E2AEFB10CA1 /* Pods */ = {
			isa = PBXGroup;
			children = (
				985E1F85A5DE58A636ABC47A /* Pods-PokemonDaisuki.debug.xcconfig */,
				2DEE2F0B7C8E7F8267188B02 /* Pods-PokemonDaisuki.release.xcconfig */,
			);
			path = Pods;
			sourceTree = "<group>";
		};
/* End PBXGroup section */

/* Begin PBXNativeTarget section */
		24806B292743E81500841A00 /* PokemonDaisuki */ = {
			isa = PBXNativeTarget;
			buildConfigurationList = 24806B3E2743E81800841A00 /* Build configuration list for PBXNativeTarget "PokemonDaisuki" */;
			buildPhases = (
				26D726C3129B1B27965DC1AB /* [CP] Check Pods Manifest.lock */,
				24806B262743E81500841A00 /* Sources */,
				24806B272743E81500841A00 /* Frameworks */,
				24806B282743E81500841A00 /* Resources */,
				E15993AC4BC5C6F0F538ED13 /* [CP] Embed Pods Frameworks */,
			);
			buildRules = (
			);
			dependencies = (
			);
			name = PokemonDaisuki;
			productName = PokemonDaisuki;
			productReference = 24806B2A2743E81500841A00 /* PokemonDaisuki.app */;
			productType = "com.apple.product-type.application";
		};
/* End PBXNativeTarget section */

/* Begin PBXProject section */
		24806B222743E81500841A00 /* Project object */ = {
			isa = PBXProject;
			attributes = {
				BuildIndependentTargetsInParallel = 1;
				LastSwiftUpdateCheck = 1310;
				LastUpgradeCheck = 1310;
				TargetAttributes = {
					24806B292743E81500841A00 = {
						CreatedOnToolsVersion = 13.1;
					};
				};
			};
			buildConfigurationList = 24806B252743E81500841A00 /* Build configuration list for PBXProject "PokemonDaisuki" */;
			compatibilityVersion = "Xcode 13.0";
			developmentRegion = en;
			hasScannedForEncodings = 0;
			knownRegions = (
				en,
				Base,
			);
			mainGroup = 24806B212743E81500841A00;
			productRefGroup = 24806B2B2743E81500841A00 /* Products */;
			projectDirPath = "";
			projectRoot = "";
			targets = (
				24806B292743E81500841A00 /* PokemonDaisuki */,
			);
		};
/* End PBXProject section */

/* Begin PBXResourcesBuildPhase section */
		24806B282743E81500841A00 /* Resources */ = {
			isa = PBXResourcesBuildPhase;
			buildActionMask = 2147483647;
			files = (
				24806B6E2748DCDD00841A00 /* SelectToolsType.storyboard in Resources */,
				24806B4527468C7500841A00 /* TabBar.storyboard in Resources */,
				8A146D44277D77F400220F40 /* RegionViewCell.xib in Resources */,
				24806B3A2743E81800841A00 /* LaunchScreen.storyboard in Resources */,
				24ED8D8827DC75F7006A7059 /* BallDetailViewController.xib in Resources */,
				24806B372743E81800841A00 /* Assets.xcassets in Resources */,
				24806B6C2748DCA300841A00 /* ReadyForQuiz.storyboard in Resources */,
				24806B702748DCEE00841A00 /* SelectRegion.storyboard in Resources */,
				24BCB0FF27677A7B00E15C5B /* ToolsTypeCollectionViewCell.xib in Resources */,
			);
			runOnlyForDeploymentPostprocessing = 0;
		};
/* End PBXResourcesBuildPhase section */

/* Begin PBXShellScriptBuildPhase section */
		26D726C3129B1B27965DC1AB /* [CP] Check Pods Manifest.lock */ = {
			isa = PBXShellScriptBuildPhase;
			buildActionMask = 2147483647;
			files = (
			);
			inputFileListPaths = (
			);
			inputPaths = (
				"${PODS_PODFILE_DIR_PATH}/Podfile.lock",
				"${PODS_ROOT}/Manifest.lock",
			);
			name = "[CP] Check Pods Manifest.lock";
			outputFileListPaths = (
			);
			outputPaths = (
				"$(DERIVED_FILE_DIR)/Pods-PokemonDaisuki-checkManifestLockResult.txt",
			);
			runOnlyForDeploymentPostprocessing = 0;
			shellPath = /bin/sh;
			shellScript = "diff \"${PODS_PODFILE_DIR_PATH}/Podfile.lock\" \"${PODS_ROOT}/Manifest.lock\" > /dev/null\nif [ $? != 0 ] ; then\n    # print error to STDERR\n    echo \"error: The sandbox is not in sync with the Podfile.lock. Run 'pod install' or update your CocoaPods installation.\" >&2\n    exit 1\nfi\n# This output is used by Xcode 'outputs' to avoid re-running this script phase.\necho \"SUCCESS\" > \"${SCRIPT_OUTPUT_FILE_0}\"\n";
			showEnvVarsInLog = 0;
		};
		E15993AC4BC5C6F0F538ED13 /* [CP] Embed Pods Frameworks */ = {
			isa = PBXShellScriptBuildPhase;
			buildActionMask = 2147483647;
			files = (
			);
			inputFileListPaths = (
				"${PODS_ROOT}/Target Support Files/Pods-PokemonDaisuki/Pods-PokemonDaisuki-frameworks-${CONFIGURATION}-input-files.xcfilelist",
			);
			name = "[CP] Embed Pods Frameworks";
			outputFileListPaths = (
				"${PODS_ROOT}/Target Support Files/Pods-PokemonDaisuki/Pods-PokemonDaisuki-frameworks-${CONFIGURATION}-output-files.xcfilelist",
			);
			runOnlyForDeploymentPostprocessing = 0;
			shellPath = /bin/sh;
			shellScript = "\"${PODS_ROOT}/Target Support Files/Pods-PokemonDaisuki/Pods-PokemonDaisuki-frameworks.sh\"\n";
			showEnvVarsInLog = 0;
		};
/* End PBXShellScriptBuildPhase section */

/* Begin PBXSourcesBuildPhase section */
		24806B262743E81500841A00 /* Sources */ = {
			isa = PBXSourcesBuildPhase;
			buildActionMask = 2147483647;
			files = (
				8A146D43277D77F400220F40 /* RegionViewCell.swift in Sources */,
				24806B322743E81500841A00 /* ViewController.swift in Sources */,
				24ED8D8627DC75E4006A7059 /* BallDetailViewController.swift in Sources */,
				8A7AAE44276B3FC600E7E58D /* FetchAPIs.swift in Sources */,
				8A9B7969275B987F004542ED /* Pokemon.swift in Sources */,
				24BCB0FC276779F800E15C5B /* ballCollectionCollectionViewCell.swift in Sources */,
				24806B2E2743E81500841A00 /* AppDelegate.swift in Sources */,
				8A9B796B275B9BC3004542ED /* Region.swift in Sources */,
				8A9B799A275E37EB004542ED /* PokeItem.swift in Sources */,
				8A146D47277D86F500220F40 /* RegionViewController.swift in Sources */,
				24BCB10127677C0200E15C5B /* SelectToolsTypeViewController.swift in Sources */,
				8A9B7997275D0192004542ED /* Ball.swift in Sources */,
				24806B302743E81500841A00 /* SceneDelegate.swift in Sources */,
				247A85A4279407F6003B1F57 /* APIError.swift in Sources */,
			);
			runOnlyForDeploymentPostprocessing = 0;
		};
/* End PBXSourcesBuildPhase section */

/* Begin PBXVariantGroup section */
		24806B382743E81800841A00 /* LaunchScreen.storyboard */ = {
			isa = PBXVariantGroup;
			children = (
				24806B392743E81800841A00 /* Base */,
			);
			name = LaunchScreen.storyboard;
			sourceTree = "<group>";
		};
/* End PBXVariantGroup section */

/* Begin XCBuildConfiguration section */
		24806B3C2743E81800841A00 /* Debug */ = {
			isa = XCBuildConfiguration;
			buildSettings = {
				ALWAYS_SEARCH_USER_PATHS = NO;
				CLANG_ANALYZER_NONNULL = YES;
				CLANG_ANALYZER_NUMBER_OBJECT_CONVERSION = YES_AGGRESSIVE;
				CLANG_CXX_LANGUAGE_STANDARD = "gnu++17";
				CLANG_CXX_LIBRARY = "libc++";
				CLANG_ENABLE_MODULES = YES;
				CLANG_ENABLE_OBJC_ARC = YES;
				CLANG_ENABLE_OBJC_WEAK = YES;
				CLANG_WARN_BLOCK_CAPTURE_AUTORELEASING = YES;
				CLANG_WARN_BOOL_CONVERSION = YES;
				CLANG_WARN_COMMA = YES;
				CLANG_WARN_CONSTANT_CONVERSION = YES;
				CLANG_WARN_DEPRECATED_OBJC_IMPLEMENTATIONS = YES;
				CLANG_WARN_DIRECT_OBJC_ISA_USAGE = YES_ERROR;
				CLANG_WARN_DOCUMENTATION_COMMENTS = YES;
				CLANG_WARN_EMPTY_BODY = YES;
				CLANG_WARN_ENUM_CONVERSION = YES;
				CLANG_WARN_INFINITE_RECURSION = YES;
				CLANG_WARN_INT_CONVERSION = YES;
				CLANG_WARN_NON_LITERAL_NULL_CONVERSION = YES;
				CLANG_WARN_OBJC_IMPLICIT_RETAIN_SELF = YES;
				CLANG_WARN_OBJC_LITERAL_CONVERSION = YES;
				CLANG_WARN_OBJC_ROOT_CLASS = YES_ERROR;
				CLANG_WARN_QUOTED_INCLUDE_IN_FRAMEWORK_HEADER = YES;
				CLANG_WARN_RANGE_LOOP_ANALYSIS = YES;
				CLANG_WARN_STRICT_PROTOTYPES = YES;
				CLANG_WARN_SUSPICIOUS_MOVE = YES;
				CLANG_WARN_UNGUARDED_AVAILABILITY = YES_AGGRESSIVE;
				CLANG_WARN_UNREACHABLE_CODE = YES;
				CLANG_WARN__DUPLICATE_METHOD_MATCH = YES;
				COPY_PHASE_STRIP = NO;
				DEBUG_INFORMATION_FORMAT = dwarf;
				ENABLE_STRICT_OBJC_MSGSEND = YES;
				ENABLE_TESTABILITY = YES;
				GCC_C_LANGUAGE_STANDARD = gnu11;
				GCC_DYNAMIC_NO_PIC = NO;
				GCC_NO_COMMON_BLOCKS = YES;
				GCC_OPTIMIZATION_LEVEL = 0;
				GCC_PREPROCESSOR_DEFINITIONS = (
					"DEBUG=1",
					"$(inherited)",
				);
				GCC_WARN_64_TO_32_BIT_CONVERSION = YES;
				GCC_WARN_ABOUT_RETURN_TYPE = YES_ERROR;
				GCC_WARN_UNDECLARED_SELECTOR = YES;
				GCC_WARN_UNINITIALIZED_AUTOS = YES_AGGRESSIVE;
				GCC_WARN_UNUSED_FUNCTION = YES;
				GCC_WARN_UNUSED_VARIABLE = YES;
				IPHONEOS_DEPLOYMENT_TARGET = 15.0;
				MTL_ENABLE_DEBUG_INFO = INCLUDE_SOURCE;
				MTL_FAST_MATH = YES;
				ONLY_ACTIVE_ARCH = YES;
				SDKROOT = iphoneos;
				SWIFT_ACTIVE_COMPILATION_CONDITIONS = DEBUG;
				SWIFT_OPTIMIZATION_LEVEL = "-Onone";
			};
			name = Debug;
		};
		24806B3D2743E81800841A00 /* Release */ = {
			isa = XCBuildConfiguration;
			buildSettings = {
				ALWAYS_SEARCH_USER_PATHS = NO;
				CLANG_ANALYZER_NONNULL = YES;
				CLANG_ANALYZER_NUMBER_OBJECT_CONVERSION = YES_AGGRESSIVE;
				CLANG_CXX_LANGUAGE_STANDARD = "gnu++17";
				CLANG_CXX_LIBRARY = "libc++";
				CLANG_ENABLE_MODULES = YES;
				CLANG_ENABLE_OBJC_ARC = YES;
				CLANG_ENABLE_OBJC_WEAK = YES;
				CLANG_WARN_BLOCK_CAPTURE_AUTORELEASING = YES;
				CLANG_WARN_BOOL_CONVERSION = YES;
				CLANG_WARN_COMMA = YES;
				CLANG_WARN_CONSTANT_CONVERSION = YES;
				CLANG_WARN_DEPRECATED_OBJC_IMPLEMENTATIONS = YES;
				CLANG_WARN_DIRECT_OBJC_ISA_USAGE = YES_ERROR;
				CLANG_WARN_DOCUMENTATION_COMMENTS = YES;
				CLANG_WARN_EMPTY_BODY = YES;
				CLANG_WARN_ENUM_CONVERSION = YES;
				CLANG_WARN_INFINITE_RECURSION = YES;
				CLANG_WARN_INT_CONVERSION = YES;
				CLANG_WARN_NON_LITERAL_NULL_CONVERSION = YES;
				CLANG_WARN_OBJC_IMPLICIT_RETAIN_SELF = YES;
				CLANG_WARN_OBJC_LITERAL_CONVERSION = YES;
				CLANG_WARN_OBJC_ROOT_CLASS = YES_ERROR;
				CLANG_WARN_QUOTED_INCLUDE_IN_FRAMEWORK_HEADER = YES;
				CLANG_WARN_RANGE_LOOP_ANALYSIS = YES;
				CLANG_WARN_STRICT_PROTOTYPES = YES;
				CLANG_WARN_SUSPICIOUS_MOVE = YES;
				CLANG_WARN_UNGUARDED_AVAILABILITY = YES_AGGRESSIVE;
				CLANG_WARN_UNREACHABLE_CODE = YES;
				CLANG_WARN__DUPLICATE_METHOD_MATCH = YES;
				COPY_PHASE_STRIP = NO;
				DEBUG_INFORMATION_FORMAT = "dwarf-with-dsym";
				ENABLE_NS_ASSERTIONS = NO;
				ENABLE_STRICT_OBJC_MSGSEND = YES;
				GCC_C_LANGUAGE_STANDARD = gnu11;
				GCC_NO_COMMON_BLOCKS = YES;
				GCC_WARN_64_TO_32_BIT_CONVERSION = YES;
				GCC_WARN_ABOUT_RETURN_TYPE = YES_ERROR;
				GCC_WARN_UNDECLARED_SELECTOR = YES;
				GCC_WARN_UNINITIALIZED_AUTOS = YES_AGGRESSIVE;
				GCC_WARN_UNUSED_FUNCTION = YES;
				GCC_WARN_UNUSED_VARIABLE = YES;
				IPHONEOS_DEPLOYMENT_TARGET = 15.0;
				MTL_ENABLE_DEBUG_INFO = NO;
				MTL_FAST_MATH = YES;
				SDKROOT = iphoneos;
				SWIFT_COMPILATION_MODE = wholemodule;
				SWIFT_OPTIMIZATION_LEVEL = "-O";
				VALIDATE_PRODUCT = YES;
			};
			name = Release;
		};
		24806B3F2743E81800841A00 /* Debug */ = {
			isa = XCBuildConfiguration;
			baseConfigurationReference = 985E1F85A5DE58A636ABC47A /* Pods-PokemonDaisuki.debug.xcconfig */;
			buildSettings = {
				ASSETCATALOG_COMPILER_APPICON_NAME = AppIcon;
				ASSETCATALOG_COMPILER_GLOBAL_ACCENT_COLOR_NAME = AccentColor;
				CODE_SIGN_STYLE = Automatic;
				CURRENT_PROJECT_VERSION = 1;
				DEVELOPMENT_TEAM = P6K8M6RQ2W;
				GENERATE_INFOPLIST_FILE = YES;
				INFOPLIST_FILE = PokemonDaisuki/Info.plist;
				INFOPLIST_KEY_UIApplicationSupportsIndirectInputEvents = YES;
				INFOPLIST_KEY_UILaunchStoryboardName = LaunchScreen;
				INFOPLIST_KEY_UIMainStoryboardFile = TabBar;
				INFOPLIST_KEY_UISupportedInterfaceOrientations_iPad = "UIInterfaceOrientationPortrait UIInterfaceOrientationPortraitUpsideDown UIInterfaceOrientationLandscapeLeft UIInterfaceOrientationLandscapeRight";
				INFOPLIST_KEY_UISupportedInterfaceOrientations_iPhone = "UIInterfaceOrientationPortrait UIInterfaceOrientationLandscapeLeft UIInterfaceOrientationLandscapeRight";
				LD_RUNPATH_SEARCH_PATHS = (
					"$(inherited)",
					"@executable_path/Frameworks",
				);
				MARKETING_VERSION = 1.0;
				PRODUCT_BUNDLE_IDENTIFIER = com.r.t.astronomy.PokemonDaisuki;
				PRODUCT_NAME = "$(TARGET_NAME)";
				SWIFT_EMIT_LOC_STRINGS = YES;
				SWIFT_VERSION = 5.0;
				TARGETED_DEVICE_FAMILY = 1;
			};
			name = Debug;
		};
		24806B402743E81800841A00 /* Release */ = {
			isa = XCBuildConfiguration;
			baseConfigurationReference = 2DEE2F0B7C8E7F8267188B02 /* Pods-PokemonDaisuki.release.xcconfig */;
			buildSettings = {
				ASSETCATALOG_COMPILER_APPICON_NAME = AppIcon;
				ASSETCATALOG_COMPILER_GLOBAL_ACCENT_COLOR_NAME = AccentColor;
				CODE_SIGN_STYLE = Automatic;
				CURRENT_PROJECT_VERSION = 1;
				DEVELOPMENT_TEAM = P6K8M6RQ2W;
				GENERATE_INFOPLIST_FILE = YES;
				INFOPLIST_FILE = PokemonDaisuki/Info.plist;
				INFOPLIST_KEY_UIApplicationSupportsIndirectInputEvents = YES;
				INFOPLIST_KEY_UILaunchStoryboardName = LaunchScreen;
				INFOPLIST_KEY_UIMainStoryboardFile = TabBar;
				INFOPLIST_KEY_UISupportedInterfaceOrientations_iPad = "UIInterfaceOrientationPortrait UIInterfaceOrientationPortraitUpsideDown UIInterfaceOrientationLandscapeLeft UIInterfaceOrientationLandscapeRight";
				INFOPLIST_KEY_UISupportedInterfaceOrientations_iPhone = "UIInterfaceOrientationPortrait UIInterfaceOrientationLandscapeLeft UIInterfaceOrientationLandscapeRight";
				LD_RUNPATH_SEARCH_PATHS = (
					"$(inherited)",
					"@executable_path/Frameworks",
				);
				MARKETING_VERSION = 1.0;
				PRODUCT_BUNDLE_IDENTIFIER = com.r.t.astronomy.PokemonDaisuki;
				PRODUCT_NAME = "$(TARGET_NAME)";
				SWIFT_EMIT_LOC_STRINGS = YES;
				SWIFT_VERSION = 5.0;
				TARGETED_DEVICE_FAMILY = 1;
			};
			name = Release;
		};
/* End XCBuildConfiguration section */

/* Begin XCConfigurationList section */
		24806B252743E81500841A00 /* Build configuration list for PBXProject "PokemonDaisuki" */ = {
			isa = XCConfigurationList;
			buildConfigurations = (
				24806B3C2743E81800841A00 /* Debug */,
				24806B3D2743E81800841A00 /* Release */,
			);
			defaultConfigurationIsVisible = 0;
			defaultConfigurationName = Release;
		};
		24806B3E2743E81800841A00 /* Build configuration list for PBXNativeTarget "PokemonDaisuki" */ = {
			isa = XCConfigurationList;
			buildConfigurations = (
				24806B3F2743E81800841A00 /* Debug */,
				24806B402743E81800841A00 /* Release */,
			);
			defaultConfigurationIsVisible = 0;
			defaultConfigurationName = Release;
		};
/* End XCConfigurationList section */
	};
	rootObject = 24806B222743E81500841A00 /* Project object */;
}
